// !$*UTF8*$!
{
	archiveVersion = 1;
	classes = {
	};
	objectVersion = 46;
	objects = {

/* Begin PBXBuildFile section */
		27BE8FA61BAF8FDC00D41957 /* NeonUnitTests.swift in Sources */ = {isa = PBXBuildFile; fileRef = 27BE8FA51BAF8FDC00D41957 /* NeonUnitTests.swift */; };
		27BE8FAE1BAF905C00D41957 /* TestViewController.swift in Sources */ = {isa = PBXBuildFile; fileRef = 27BE8FAD1BAF905C00D41957 /* TestViewController.swift */; settings = {ASSET_TAGS = (); }; };
		27D2536A1BAF71AB00FA4FED /* AppDelegate.swift in Sources */ = {isa = PBXBuildFile; fileRef = 27D253691BAF71AB00FA4FED /* AppDelegate.swift */; };
		27D253711BAF71AB00FA4FED /* Assets.xcassets in Resources */ = {isa = PBXBuildFile; fileRef = 27D253701BAF71AB00FA4FED /* Assets.xcassets */; };
		27D253741BAF71AB00FA4FED /* LaunchScreen.storyboard in Resources */ = {isa = PBXBuildFile; fileRef = 27D253721BAF71AB00FA4FED /* LaunchScreen.storyboard */; };
		27D2538A1BAF71AB00FA4FED /* NeonUITests.swift in Sources */ = {isa = PBXBuildFile; fileRef = 27D253891BAF71AB00FA4FED /* NeonUITests.swift */; };
		27D2539B1BAF720300FA4FED /* Neon.swift in Sources */ = {isa = PBXBuildFile; fileRef = 27D2539A1BAF720300FA4FED /* Neon.swift */; settings = {ASSET_TAGS = (); }; };
		27D2539D1BAF721200FA4FED /* ViewController.swift in Sources */ = {isa = PBXBuildFile; fileRef = 27D2539C1BAF721200FA4FED /* ViewController.swift */; settings = {ASSET_TAGS = (); }; };
/* End PBXBuildFile section */

/* Begin PBXContainerItemProxy section */
		27BE8FA81BAF8FDC00D41957 /* PBXContainerItemProxy */ = {
			isa = PBXContainerItemProxy;
			containerPortal = 27D2535E1BAF71AB00FA4FED /* Project object */;
			proxyType = 1;
			remoteGlobalIDString = 27D253651BAF71AB00FA4FED;
			remoteInfo = Neon;
		};
		27D253861BAF71AB00FA4FED /* PBXContainerItemProxy */ = {
			isa = PBXContainerItemProxy;
			containerPortal = 27D2535E1BAF71AB00FA4FED /* Project object */;
			proxyType = 1;
			remoteGlobalIDString = 27D253651BAF71AB00FA4FED;
			remoteInfo = Neon;
		};
/* End PBXContainerItemProxy section */

/* Begin PBXFileReference section */
		27BE8FA31BAF8FDC00D41957 /* NeonUnitTests.xctest */ = {isa = PBXFileReference; explicitFileType = wrapper.cfbundle; includeInIndex = 0; path = NeonUnitTests.xctest; sourceTree = BUILT_PRODUCTS_DIR; };
		27BE8FA51BAF8FDC00D41957 /* NeonUnitTests.swift */ = {isa = PBXFileReference; lastKnownFileType = sourcecode.swift; path = NeonUnitTests.swift; sourceTree = "<group>"; };
		27BE8FA71BAF8FDC00D41957 /* Info.plist */ = {isa = PBXFileReference; lastKnownFileType = text.plist.xml; path = Info.plist; sourceTree = "<group>"; };
		27BE8FAD1BAF905C00D41957 /* TestViewController.swift */ = {isa = PBXFileReference; fileEncoding = 4; lastKnownFileType = sourcecode.swift; path = TestViewController.swift; sourceTree = "<group>"; };
		27D253661BAF71AB00FA4FED /* Neon.app */ = {isa = PBXFileReference; explicitFileType = wrapper.application; includeInIndex = 0; path = Neon.app; sourceTree = BUILT_PRODUCTS_DIR; };
		27D253691BAF71AB00FA4FED /* AppDelegate.swift */ = {isa = PBXFileReference; lastKnownFileType = sourcecode.swift; path = AppDelegate.swift; sourceTree = "<group>"; };
		27D253701BAF71AB00FA4FED /* Assets.xcassets */ = {isa = PBXFileReference; lastKnownFileType = folder.assetcatalog; path = Assets.xcassets; sourceTree = "<group>"; };
		27D253731BAF71AB00FA4FED /* Base */ = {isa = PBXFileReference; lastKnownFileType = file.storyboard; name = Base; path = Base.lproj/LaunchScreen.storyboard; sourceTree = "<group>"; };
		27D253751BAF71AB00FA4FED /* Info.plist */ = {isa = PBXFileReference; lastKnownFileType = text.plist.xml; path = Info.plist; sourceTree = "<group>"; };
		27D253851BAF71AB00FA4FED /* NeonUITests.xctest */ = {isa = PBXFileReference; explicitFileType = wrapper.cfbundle; includeInIndex = 0; path = NeonUITests.xctest; sourceTree = BUILT_PRODUCTS_DIR; };
		27D253891BAF71AB00FA4FED /* NeonUITests.swift */ = {isa = PBXFileReference; lastKnownFileType = sourcecode.swift; path = NeonUITests.swift; sourceTree = "<group>"; };
		27D2538B1BAF71AB00FA4FED /* Info.plist */ = {isa = PBXFileReference; lastKnownFileType = text.plist.xml; path = Info.plist; sourceTree = "<group>"; };
		27D2539A1BAF720300FA4FED /* Neon.swift */ = {isa = PBXFileReference; fileEncoding = 4; lastKnownFileType = sourcecode.swift; path = Neon.swift; sourceTree = "<group>"; };
		27D2539C1BAF721200FA4FED /* ViewController.swift */ = {isa = PBXFileReference; fileEncoding = 4; lastKnownFileType = sourcecode.swift; path = ViewController.swift; sourceTree = "<group>"; };
/* End PBXFileReference section */

/* Begin PBXFrameworksBuildPhase section */
		27BE8FA01BAF8FDC00D41957 /* Frameworks */ = {
			isa = PBXFrameworksBuildPhase;
			buildActionMask = 2147483647;
			files = (
			);
			runOnlyForDeploymentPostprocessing = 0;
		};
		27D253631BAF71AB00FA4FED /* Frameworks */ = {
			isa = PBXFrameworksBuildPhase;
			buildActionMask = 2147483647;
			files = (
			);
			runOnlyForDeploymentPostprocessing = 0;
		};
		27D253821BAF71AB00FA4FED /* Frameworks */ = {
			isa = PBXFrameworksBuildPhase;
			buildActionMask = 2147483647;
			files = (
			);
			runOnlyForDeploymentPostprocessing = 0;
		};
/* End PBXFrameworksBuildPhase section */

/* Begin PBXGroup section */
		27BE8FA41BAF8FDC00D41957 /* NeonUnitTests */ = {
			isa = PBXGroup;
			children = (
				27BE8FA51BAF8FDC00D41957 /* NeonUnitTests.swift */,
				27BE8FA71BAF8FDC00D41957 /* Info.plist */,
			);
			path = NeonUnitTests;
			sourceTree = "<group>";
		};
		27D2535D1BAF71AB00FA4FED = {
			isa = PBXGroup;
			children = (
				27D253971BAF71C700FA4FED /* Source */,
				27D253681BAF71AB00FA4FED /* Demo */,
				27BE8FA41BAF8FDC00D41957 /* NeonUnitTests */,
				27D253881BAF71AB00FA4FED /* NeonUITests */,
			);
			sourceTree = "<group>";
		};
		27D253671BAF71AB00FA4FED /* Products */ = {
			isa = PBXGroup;
			children = (
				27D253661BAF71AB00FA4FED /* Neon.app */,
				27D253851BAF71AB00FA4FED /* NeonUITests.xctest */,
				27BE8FA31BAF8FDC00D41957 /* NeonUnitTests.xctest */,
			);
			name = Products;
			path = ..;
			sourceTree = "<group>";
		};
		27D253681BAF71AB00FA4FED /* Demo */ = {
			isa = PBXGroup;
			children = (
				27D253691BAF71AB00FA4FED /* AppDelegate.swift */,
				27BE8FAD1BAF905C00D41957 /* TestViewController.swift */,
				27D2539C1BAF721200FA4FED /* ViewController.swift */,
				27D253A01BAF735300FA4FED /* Supporting Files */,
			);
			name = Demo;
			path = Neon;
			sourceTree = "<group>";
		};
		27D253881BAF71AB00FA4FED /* NeonUITests */ = {
			isa = PBXGroup;
			children = (
				27D253891BAF71AB00FA4FED /* NeonUITests.swift */,
				27D2538B1BAF71AB00FA4FED /* Info.plist */,
			);
			path = NeonUITests;
			sourceTree = "<group>";
		};
		27D253971BAF71C700FA4FED /* Source */ = {
			isa = PBXGroup;
			children = (
				27D2539A1BAF720300FA4FED /* Neon.swift */,
			);
			name = Source;
			path = ../../Source;
			sourceTree = "<group>";
		};
		27D253A01BAF735300FA4FED /* Supporting Files */ = {
			isa = PBXGroup;
			children = (
				27D253701BAF71AB00FA4FED /* Assets.xcassets */,
				27D253721BAF71AB00FA4FED /* LaunchScreen.storyboard */,
				27D253751BAF71AB00FA4FED /* Info.plist */,
				27D253671BAF71AB00FA4FED /* Products */,
			);
			name = "Supporting Files";
			sourceTree = "<group>";
		};
/* End PBXGroup section */

/* Begin PBXNativeTarget section */
		27BE8FA21BAF8FDC00D41957 /* NeonUnitTests */ = {
			isa = PBXNativeTarget;
			buildConfigurationList = 27BE8FAC1BAF8FDC00D41957 /* Build configuration list for PBXNativeTarget "NeonUnitTests" */;
			buildPhases = (
				27BE8F9F1BAF8FDC00D41957 /* Sources */,
				27BE8FA01BAF8FDC00D41957 /* Frameworks */,
				27BE8FA11BAF8FDC00D41957 /* Resources */,
			);
			buildRules = (
			);
			dependencies = (
				27BE8FA91BAF8FDC00D41957 /* PBXTargetDependency */,
			);
			name = NeonUnitTests;
			productName = NeonUnitTests;
			productReference = 27BE8FA31BAF8FDC00D41957 /* NeonUnitTests.xctest */;
			productType = "com.apple.product-type.bundle.unit-test";
		};
		27D253651BAF71AB00FA4FED /* Neon */ = {
			isa = PBXNativeTarget;
			buildConfigurationList = 27D2538E1BAF71AB00FA4FED /* Build configuration list for PBXNativeTarget "Neon" */;
			buildPhases = (
				27D253621BAF71AB00FA4FED /* Sources */,
				27D253631BAF71AB00FA4FED /* Frameworks */,
				27D253641BAF71AB00FA4FED /* Resources */,
			);
			buildRules = (
			);
			dependencies = (
			);
			name = Neon;
			productName = Neon;
			productReference = 27D253661BAF71AB00FA4FED /* Neon.app */;
			productType = "com.apple.product-type.application";
		};
		27D253841BAF71AB00FA4FED /* NeonUITests */ = {
			isa = PBXNativeTarget;
			buildConfigurationList = 27D253941BAF71AB00FA4FED /* Build configuration list for PBXNativeTarget "NeonUITests" */;
			buildPhases = (
				27D253811BAF71AB00FA4FED /* Sources */,
				27D253821BAF71AB00FA4FED /* Frameworks */,
				27D253831BAF71AB00FA4FED /* Resources */,
			);
			buildRules = (
			);
			dependencies = (
				27D253871BAF71AB00FA4FED /* PBXTargetDependency */,
			);
			name = NeonUITests;
			productName = NeonUITests;
			productReference = 27D253851BAF71AB00FA4FED /* NeonUITests.xctest */;
			productType = "com.apple.product-type.bundle.ui-testing";
		};
/* End PBXNativeTarget section */

/* Begin PBXProject section */
		27D2535E1BAF71AB00FA4FED /* Project object */ = {
			isa = PBXProject;
			attributes = {
				LastSwiftUpdateCheck = 0700;
				LastUpgradeCheck = 0700;
				ORGANIZATIONNAME = "Mike Amaral";
				TargetAttributes = {
					27BE8FA21BAF8FDC00D41957 = {
						CreatedOnToolsVersion = 7.0;
						TestTargetID = 27D253651BAF71AB00FA4FED;
					};
					27D253651BAF71AB00FA4FED = {
						CreatedOnToolsVersion = 7.0;
					};
					27D253841BAF71AB00FA4FED = {
						CreatedOnToolsVersion = 7.0;
						TestTargetID = 27D253651BAF71AB00FA4FED;
					};
				};
			};
			buildConfigurationList = 27D253611BAF71AB00FA4FED /* Build configuration list for PBXProject "Neon" */;
			compatibilityVersion = "Xcode 3.2";
			developmentRegion = English;
			hasScannedForEncodings = 0;
			knownRegions = (
				en,
				Base,
			);
			mainGroup = 27D2535D1BAF71AB00FA4FED;
			productRefGroup = 27D253671BAF71AB00FA4FED /* Products */;
			projectDirPath = "";
			projectRoot = "";
			targets = (
				27D253651BAF71AB00FA4FED /* Neon */,
				27D253841BAF71AB00FA4FED /* NeonUITests */,
				27BE8FA21BAF8FDC00D41957 /* NeonUnitTests */,
			);
		};
/* End PBXProject section */

/* Begin PBXResourcesBuildPhase section */
		27BE8FA11BAF8FDC00D41957 /* Resources */ = {
			isa = PBXResourcesBuildPhase;
			buildActionMask = 2147483647;
			files = (
			);
			runOnlyForDeploymentPostprocessing = 0;
		};
		27D253641BAF71AB00FA4FED /* Resources */ = {
			isa = PBXResourcesBuildPhase;
			buildActionMask = 2147483647;
			files = (
				27D253741BAF71AB00FA4FED /* LaunchScreen.storyboard in Resources */,
				27D253711BAF71AB00FA4FED /* Assets.xcassets in Resources */,
			);
			runOnlyForDeploymentPostprocessing = 0;
		};
		27D253831BAF71AB00FA4FED /* Resources */ = {
			isa = PBXResourcesBuildPhase;
			buildActionMask = 2147483647;
			files = (
			);
			runOnlyForDeploymentPostprocessing = 0;
		};
/* End PBXResourcesBuildPhase section */

/* Begin PBXSourcesBuildPhase section */
		27BE8F9F1BAF8FDC00D41957 /* Sources */ = {
			isa = PBXSourcesBuildPhase;
			buildActionMask = 2147483647;
			files = (
				27BE8FA61BAF8FDC00D41957 /* NeonUnitTests.swift in Sources */,
			);
			runOnlyForDeploymentPostprocessing = 0;
		};
		27D253621BAF71AB00FA4FED /* Sources */ = {
			isa = PBXSourcesBuildPhase;
			buildActionMask = 2147483647;
			files = (
				27D2539D1BAF721200FA4FED /* ViewController.swift in Sources */,
				27D2539B1BAF720300FA4FED /* Neon.swift in Sources */,
				27BE8FAE1BAF905C00D41957 /* TestViewController.swift in Sources */,
				27D2536A1BAF71AB00FA4FED /* AppDelegate.swift in Sources */,
			);
			runOnlyForDeploymentPostprocessing = 0;
		};
		27D253811BAF71AB00FA4FED /* Sources */ = {
			isa = PBXSourcesBuildPhase;
			buildActionMask = 2147483647;
			files = (
				27D2538A1BAF71AB00FA4FED /* NeonUITests.swift in Sources */,
			);
			runOnlyForDeploymentPostprocessing = 0;
		};
/* End PBXSourcesBuildPhase section */

/* Begin PBXTargetDependency section */
		27BE8FA91BAF8FDC00D41957 /* PBXTargetDependency */ = {
			isa = PBXTargetDependency;
			target = 27D253651BAF71AB00FA4FED /* Neon */;
			targetProxy = 27BE8FA81BAF8FDC00D41957 /* PBXContainerItemProxy */;
		};
		27D253871BAF71AB00FA4FED /* PBXTargetDependency */ = {
			isa = PBXTargetDependency;
			target = 27D253651BAF71AB00FA4FED /* Neon */;
			targetProxy = 27D253861BAF71AB00FA4FED /* PBXContainerItemProxy */;
		};
/* End PBXTargetDependency section */

/* Begin PBXVariantGroup section */
		27D253721BAF71AB00FA4FED /* LaunchScreen.storyboard */ = {
			isa = PBXVariantGroup;
			children = (
				27D253731BAF71AB00FA4FED /* Base */,
			);
			name = LaunchScreen.storyboard;
			sourceTree = "<group>";
		};
/* End PBXVariantGroup section */

/* Begin XCBuildConfiguration section */
		27BE8FAA1BAF8FDC00D41957 /* Debug */ = {
			isa = XCBuildConfiguration;
			buildSettings = {
				BUNDLE_LOADER = "$(TEST_HOST)";
				INFOPLIST_FILE = NeonUnitTests/Info.plist;
				LD_RUNPATH_SEARCH_PATHS = "$(inherited) @executable_path/Frameworks @loader_path/Frameworks";
				PRODUCT_BUNDLE_IDENTIFIER = com.MikeAmaral.NeonUnitTests;
				PRODUCT_NAME = "$(TARGET_NAME)";
				TEST_HOST = "$(BUILT_PRODUCTS_DIR)/Neon.app/Neon";
			};
			name = Debug;
		};
		27BE8FAB1BAF8FDC00D41957 /* Release */ = {
			isa = XCBuildConfiguration;
			buildSettings = {
				BUNDLE_LOADER = "$(TEST_HOST)";
				INFOPLIST_FILE = NeonUnitTests/Info.plist;
				LD_RUNPATH_SEARCH_PATHS = "$(inherited) @executable_path/Frameworks @loader_path/Frameworks";
				PRODUCT_BUNDLE_IDENTIFIER = com.MikeAmaral.NeonUnitTests;
				PRODUCT_NAME = "$(TARGET_NAME)";
				TEST_HOST = "$(BUILT_PRODUCTS_DIR)/Neon.app/Neon";
			};
			name = Release;
		};
		27D2538C1BAF71AB00FA4FED /* Debug */ = {
			isa = XCBuildConfiguration;
			buildSettings = {
				ALWAYS_SEARCH_USER_PATHS = NO;
				CLANG_CXX_LANGUAGE_STANDARD = "gnu++0x";
				CLANG_CXX_LIBRARY = "libc++";
				CLANG_ENABLE_MODULES = YES;
				CLANG_ENABLE_OBJC_ARC = YES;
				CLANG_WARN_BOOL_CONVERSION = YES;
				CLANG_WARN_CONSTANT_CONVERSION = YES;
				CLANG_WARN_DIRECT_OBJC_ISA_USAGE = YES_ERROR;
				CLANG_WARN_EMPTY_BODY = YES;
				CLANG_WARN_ENUM_CONVERSION = YES;
				CLANG_WARN_INT_CONVERSION = YES;
				CLANG_WARN_OBJC_ROOT_CLASS = YES_ERROR;
				CLANG_WARN_UNREACHABLE_CODE = YES;
				CLANG_WARN__DUPLICATE_METHOD_MATCH = YES;
				"CODE_SIGN_IDENTITY[sdk=iphoneos*]" = "iPhone Developer";
				COPY_PHASE_STRIP = NO;
				DEBUG_INFORMATION_FORMAT = dwarf;
				ENABLE_STRICT_OBJC_MSGSEND = YES;
				ENABLE_TESTABILITY = YES;
				GCC_C_LANGUAGE_STANDARD = gnu99;
				GCC_DYNAMIC_NO_PIC = NO;
				GCC_NO_COMMON_BLOCKS = YES;
				GCC_OPTIMIZATION_LEVEL = 0;
				GCC_PREPROCESSOR_DEFINITIONS = (
					"DEBUG=1",
					"$(inherited)",
				);
				GCC_WARN_64_TO_32_BIT_CONVERSION = YES;
				GCC_WARN_ABOUT_RETURN_TYPE = YES_ERROR;
				GCC_WARN_UNDECLARED_SELECTOR = YES;
				GCC_WARN_UNINITIALIZED_AUTOS = YES_AGGRESSIVE;
				GCC_WARN_UNUSED_FUNCTION = YES;
				GCC_WARN_UNUSED_VARIABLE = YES;
				IPHONEOS_DEPLOYMENT_TARGET = 9.0;
				MTL_ENABLE_DEBUG_INFO = YES;
				ONLY_ACTIVE_ARCH = YES;
				SDKROOT = iphoneos;
				SWIFT_OPTIMIZATION_LEVEL = "-Onone";
				TARGETED_DEVICE_FAMILY = "1,2";
			};
			name = Debug;
		};
		27D2538D1BAF71AB00FA4FED /* Release */ = {
			isa = XCBuildConfiguration;
			buildSettings = {
				ALWAYS_SEARCH_USER_PATHS = NO;
				CLANG_CXX_LANGUAGE_STANDARD = "gnu++0x";
				CLANG_CXX_LIBRARY = "libc++";
				CLANG_ENABLE_MODULES = YES;
				CLANG_ENABLE_OBJC_ARC = YES;
				CLANG_WARN_BOOL_CONVERSION = YES;
				CLANG_WARN_CONSTANT_CONVERSION = YES;
				CLANG_WARN_DIRECT_OBJC_ISA_USAGE = YES_ERROR;
				CLANG_WARN_EMPTY_BODY = YES;
				CLANG_WARN_ENUM_CONVERSION = YES;
				CLANG_WARN_INT_CONVERSION = YES;
				CLANG_WARN_OBJC_ROOT_CLASS = YES_ERROR;
				CLANG_WARN_UNREACHABLE_CODE = YES;
				CLANG_WARN__DUPLICATE_METHOD_MATCH = YES;
				"CODE_SIGN_IDENTITY[sdk=iphoneos*]" = "iPhone Developer";
				COPY_PHASE_STRIP = NO;
				DEBUG_INFORMATION_FORMAT = "dwarf-with-dsym";
				ENABLE_NS_ASSERTIONS = NO;
				ENABLE_STRICT_OBJC_MSGSEND = YES;
				GCC_C_LANGUAGE_STANDARD = gnu99;
				GCC_NO_COMMON_BLOCKS = YES;
				GCC_WARN_64_TO_32_BIT_CONVERSION = YES;
				GCC_WARN_ABOUT_RETURN_TYPE = YES_ERROR;
				GCC_WARN_UNDECLARED_SELECTOR = YES;
				GCC_WARN_UNINITIALIZED_AUTOS = YES_AGGRESSIVE;
				GCC_WARN_UNUSED_FUNCTION = YES;
				GCC_WARN_UNUSED_VARIABLE = YES;
				IPHONEOS_DEPLOYMENT_TARGET = 9.0;
				MTL_ENABLE_DEBUG_INFO = NO;
				SDKROOT = iphoneos;
				TARGETED_DEVICE_FAMILY = "1,2";
				VALIDATE_PRODUCT = YES;
			};
			name = Release;
		};
		27D2538F1BAF71AB00FA4FED /* Debug */ = {
			isa = XCBuildConfiguration;
			buildSettings = {
				ASSETCATALOG_COMPILER_APPICON_NAME = AppIcon;
				INFOPLIST_FILE = Neon/Info.plist;
				LD_RUNPATH_SEARCH_PATHS = "$(inherited) @executable_path/Frameworks";
				PRODUCT_BUNDLE_IDENTIFIER = com.MikeAmaral.Neon;
				PRODUCT_MODULE_NAME = Neon;
				PRODUCT_NAME = Neon;
			};
			name = Debug;
		};
		27D253901BAF71AB00FA4FED /* Release */ = {
			isa = XCBuildConfiguration;
			buildSettings = {
				ASSETCATALOG_COMPILER_APPICON_NAME = AppIcon;
				INFOPLIST_FILE = Neon/Info.plist;
				LD_RUNPATH_SEARCH_PATHS = "$(inherited) @executable_path/Frameworks";
				PRODUCT_BUNDLE_IDENTIFIER = com.MikeAmaral.Neon;
				PRODUCT_MODULE_NAME = Neon;
				PRODUCT_NAME = Neon;
			};
			name = Release;
		};
		27D253951BAF71AB00FA4FED /* Debug */ = {
			isa = XCBuildConfiguration;
			buildSettings = {
				INFOPLIST_FILE = NeonUITests/Info.plist;
				LD_RUNPATH_SEARCH_PATHS = "$(inherited) @executable_path/Frameworks @loader_path/Frameworks";
				PRODUCT_BUNDLE_IDENTIFIER = com.MikeAmaral.NeonUITests;
				PRODUCT_MODULE_NAME = NeonUITests;
				PRODUCT_NAME = NeonUITests;
				TEST_TARGET_NAME = Neon;
				USES_XCTRUNNER = YES;
			};
			name = Debug;
		};
		27D253961BAF71AB00FA4FED /* Release */ = {
			isa = XCBuildConfiguration;
			buildSettings = {
				INFOPLIST_FILE = NeonUITests/Info.plist;
				LD_RUNPATH_SEARCH_PATHS = "$(inherited) @executable_path/Frameworks @loader_path/Frameworks";
				PRODUCT_BUNDLE_IDENTIFIER = com.MikeAmaral.NeonUITests;
				PRODUCT_MODULE_NAME = NeonUITests;
				PRODUCT_NAME = NeonUITests;
				TEST_TARGET_NAME = Neon;
				USES_XCTRUNNER = YES;
			};
			name = Release;
		};
/* End XCBuildConfiguration section */

/* Begin XCConfigurationList section */
		27BE8FAC1BAF8FDC00D41957 /* Build configuration list for PBXNativeTarget "NeonUnitTests" */ = {
			isa = XCConfigurationList;
			buildConfigurations = (
				27BE8FAA1BAF8FDC00D41957 /* Debug */,
				27BE8FAB1BAF8FDC00D41957 /* Release */,
			);
			defaultConfigurationIsVisible = 0;
		};
		27D253611BAF71AB00FA4FED /* Build configuration list for PBXProject "Neon" */ = {
			isa = XCConfigurationList;
			buildConfigurations = (
				27D2538C1BAF71AB00FA4FED /* Debug */,
				27D2538D1BAF71AB00FA4FED /* Release */,
			);
			defaultConfigurationIsVisible = 0;
			defaultConfigurationName = Release;
		};
		27D2538E1BAF71AB00FA4FED /* Build configuration list for PBXNativeTarget "Neon" */ = {
			isa = XCConfigurationList;
			buildConfigurations = (
				27D2538F1BAF71AB00FA4FED /* Debug */,
				27D253901BAF71AB00FA4FED /* Release */,
			);
			defaultConfigurationIsVisible = 0;
			defaultConfigurationName = Release;
		};
		27D253941BAF71AB00FA4FED /* Build configuration list for PBXNativeTarget "NeonUITests" */ = {
			isa = XCConfigurationList;
			buildConfigurations = (
				27D253951BAF71AB00FA4FED /* Debug */,
				27D253961BAF71AB00FA4FED /* Release */,
			);
			defaultConfigurationIsVisible = 0;
			defaultConfigurationName = Release;
		};
/* End XCConfigurationList section */
	};
	rootObject = 27D2535E1BAF71AB00FA4FED /* Project object */;
}
